
Microsoft Visual Studio Solution File, Format Version 12.00
# Visual Studio 15
VisualStudioVersion = 15.0.28307.645
MinimumVisualStudioVersion = 10.0.40219.1
Project("{FAE04EC0-301F-11D3-BF4B-00C04F79EFBC}") = "GestionStockStema", "GestionStockStema\GestionStockStema.csproj", "{49434EAE-EB81-470A-A127-A1041A60A39F}"
EndProject
Project("{FAE04EC0-301F-11D3-BF4B-00C04F79EFBC}") = "DomainModel", "Bijoux\DomainModel.csproj", "{447A28C5-4344-4CFC-A576-04078C41A48E}"
EndProject
Global
	GlobalSection(SolutionConfigurationPlatforms) = preSolution
		Debug|Any CPU = Debug|Any CPU
		Release|Any CPU = Release|Any CPU
	EndGlobalSection
	GlobalSection(ProjectConfigurationPlatforms) = postSolution
		{49434EAE-EB81-470A-A127-A1041A60A39F}.Debug|Any CPU.ActiveCfg = Debug|Any CPU
		{49434EAE-EB81-470A-A127-A1041A60A39F}.Debug|Any CPU.Build.0 = Debug|Any CPU
		{49434EAE-EB81-470A-A127-A1041A60A39F}.Release|Any CPU.ActiveCfg = Release|Any CPU
		{49434EAE-EB81-470A-A127-A1041A60A39F}.Release|Any CPU.Build.0 = Release|Any CPU
		{447A28C5-4344-4CFC-A576-04078C41A48E}.Debug|Any CPU.ActiveCfg = Debug|Any CPU
		{447A28C5-4344-4CFC-A576-04078C41A48E}.Debug|Any CPU.Build.0 = Debug|Any CPU
		{447A28C5-4344-4CFC-A576-04078C41A48E}.Release|Any CPU.ActiveCfg = Release|Any CPU
		{447A28C5-4344-4CFC-A576-04078C41A48E}.Release|Any CPU.Build.0 = Release|Any CPU
	EndGlobalSection
	GlobalSection(SolutionProperties) = preSolution
		HideSolutionNode = FALSE
	EndGlobalSection
	GlobalSection(ExtensibilityGlobals) = postSolution
		SolutionGuid = {EE72E801-D313-404B-8790-BF03CAA5AA02}
	EndGlobalSection
EndGlobal
